
Microsoft Visual Studio Solution File, Format Version 12.00
# Visual Studio 15
VisualStudioVersion = 15.0.27703.2018
MinimumVisualStudioVersion = 10.0.40219.1
Project("{FAE04EC0-301F-11D3-BF4B-00C04F79EFBC}") = "Azure.EscalaHorizontal.API", "Azure.EscalaHorizontal.API\Azure.EscalaHorizontal.API.csproj", "{641DC35A-2CAA-4C29-8E3A-D686F0BD145E}"
EndProject
Project("{FAE04EC0-301F-11D3-BF4B-00C04F79EFBC}") = "Azure.EscalaHorizontal.Core", "Azure.EscalaHorizontal.Core\Azure.EscalaHorizontal.Core.csproj", "{72DBDD26-9E4B-4B4C-8E3C-61BC85E7410E}"
EndProject
Global
	GlobalSection(SolutionConfigurationPlatforms) = preSolution
		Debug|Any CPU = Debug|Any CPU
		Release|Any CPU = Release|Any CPU
	EndGlobalSection
	GlobalSection(ProjectConfigurationPlatforms) = postSolution
		{641DC35A-2CAA-4C29-8E3A-D686F0BD145E}.Debug|Any CPU.ActiveCfg = Debug|Any CPU
		{641DC35A-2CAA-4C29-8E3A-D686F0BD145E}.Debug|Any CPU.Build.0 = Debug|Any CPU
		{641DC35A-2CAA-4C29-8E3A-D686F0BD145E}.Release|Any CPU.ActiveCfg = Release|Any CPU
		{641DC35A-2CAA-4C29-8E3A-D686F0BD145E}.Release|Any CPU.Build.0 = Release|Any CPU
		{72DBDD26-9E4B-4B4C-8E3C-61BC85E7410E}.Debug|Any CPU.ActiveCfg = Debug|Any CPU
		{72DBDD26-9E4B-4B4C-8E3C-61BC85E7410E}.Debug|Any CPU.Build.0 = Debug|Any CPU
		{72DBDD26-9E4B-4B4C-8E3C-61BC85E7410E}.Release|Any CPU.ActiveCfg = Release|Any CPU
		{72DBDD26-9E4B-4B4C-8E3C-61BC85E7410E}.Release|Any CPU.Build.0 = Release|Any CPU
	EndGlobalSection
	GlobalSection(SolutionProperties) = preSolution
		HideSolutionNode = FALSE
	EndGlobalSection
	GlobalSection(ExtensibilityGlobals) = postSolution
		SolutionGuid = {BD40703B-5F04-417D-8778-E3AC386B1064}
	EndGlobalSection
EndGlobal
