
Microsoft Visual Studio Solution File, Format Version 12.00
# Visual Studio 15
VisualStudioVersion = 15.0.27703.2018
MinimumVisualStudioVersion = 10.0.40219.1
Project("{FAE04EC0-301F-11D3-BF4B-00C04F79EFBC}") = "Azure.EscalaHorizontal.API", "Azure.EscalaHorizontal.API\Azure.EscalaHorizontal.API.csproj", "{641DC35A-2CAA-4C29-8E3A-D686F0BD145E}"
EndProject
Project("{FAE04EC0-301F-11D3-BF4B-00C04F79EFBC}") = "Azure.EscalaHorizontal.Batch", "Azure.EscalaHorizontal.Batch\Azure.EscalaHorizontal.Batch.csproj", "{D39CB1AA-2E80-4A68-9EFE-2C40C55837FD}"
EndProject
Project("{FAE04EC0-301F-11D3-BF4B-00C04F79EFBC}") = "Azure.EscalaHorizontal.Common", "Azure.EscalaHorizontal.Common\Azure.EscalaHorizontal.Common.csproj", "{33DA1124-7D66-4F37-B583-3DAD07590D72}"
EndProject
Global
	GlobalSection(SolutionConfigurationPlatforms) = preSolution
		Debug|Any CPU = Debug|Any CPU
		Release|Any CPU = Release|Any CPU
	EndGlobalSection
	GlobalSection(ProjectConfigurationPlatforms) = postSolution
		{641DC35A-2CAA-4C29-8E3A-D686F0BD145E}.Debug|Any CPU.ActiveCfg = Debug|Any CPU
		{641DC35A-2CAA-4C29-8E3A-D686F0BD145E}.Debug|Any CPU.Build.0 = Debug|Any CPU
		{641DC35A-2CAA-4C29-8E3A-D686F0BD145E}.Release|Any CPU.ActiveCfg = Release|Any CPU
		{641DC35A-2CAA-4C29-8E3A-D686F0BD145E}.Release|Any CPU.Build.0 = Release|Any CPU
		{D39CB1AA-2E80-4A68-9EFE-2C40C55837FD}.Debug|Any CPU.ActiveCfg = Debug|Any CPU
		{D39CB1AA-2E80-4A68-9EFE-2C40C55837FD}.Debug|Any CPU.Build.0 = Debug|Any CPU
		{D39CB1AA-2E80-4A68-9EFE-2C40C55837FD}.Release|Any CPU.ActiveCfg = Release|Any CPU
		{D39CB1AA-2E80-4A68-9EFE-2C40C55837FD}.Release|Any CPU.Build.0 = Release|Any CPU
		{33DA1124-7D66-4F37-B583-3DAD07590D72}.Debug|Any CPU.ActiveCfg = Debug|Any CPU
		{33DA1124-7D66-4F37-B583-3DAD07590D72}.Debug|Any CPU.Build.0 = Debug|Any CPU
		{33DA1124-7D66-4F37-B583-3DAD07590D72}.Release|Any CPU.ActiveCfg = Release|Any CPU
		{33DA1124-7D66-4F37-B583-3DAD07590D72}.Release|Any CPU.Build.0 = Release|Any CPU
	EndGlobalSection
	GlobalSection(SolutionProperties) = preSolution
		HideSolutionNode = FALSE
	EndGlobalSection
	GlobalSection(ExtensibilityGlobals) = postSolution
		SolutionGuid = {BD40703B-5F04-417D-8778-E3AC386B1064}
	EndGlobalSection
EndGlobal
